// !$*UTF8*$!
{
	archiveVersion = 1;
	classes = {
	};
	objectVersion = 55;
	objects = {

/* Begin PBXBuildFile section */
		461AEB49CAEFEB8F7EC9C4F9 /* Pods_InstagramClone.framework in Frameworks */ = {isa = PBXBuildFile; fileRef = D6B11D0E214AC0E53D967511 /* Pods_InstagramClone.framework */; };
		649029C027E2BAC80011E237 /* LoginViewController.swift in Sources */ = {isa = PBXBuildFile; fileRef = 649029BF27E2BAC80011E237 /* LoginViewController.swift */; };
		649029C227E2C2F30011E237 /* FeedViewController.swift in Sources */ = {isa = PBXBuildFile; fileRef = 649029C127E2C2F30011E237 /* FeedViewController.swift */; };
		64A2F5BC27F7C48800E9FB64 /* CommentTableViewCell.swift in Sources */ = {isa = PBXBuildFile; fileRef = 64A2F5BB27F7C48800E9FB64 /* CommentTableViewCell.swift */; };
		64A2F5BE27F7F80900E9FB64 /* ProfileViewController.swift in Sources */ = {isa = PBXBuildFile; fileRef = 64A2F5BD27F7F80900E9FB64 /* ProfileViewController.swift */; };
		64A9EB8827EE861800F0FECB /* CameraViewController.swift in Sources */ = {isa = PBXBuildFile; fileRef = 64A9EB8727EE861800F0FECB /* CameraViewController.swift */; };
		64A9EB8A27EE98D000F0FECB /* PostTableViewCell.swift in Sources */ = {isa = PBXBuildFile; fileRef = 64A9EB8927EE98CF00F0FECB /* PostTableViewCell.swift */; };
		64B4100827E2B757009DB7EB /* AppDelegate.swift in Sources */ = {isa = PBXBuildFile; fileRef = 64B4100727E2B757009DB7EB /* AppDelegate.swift */; };
		64B4100A27E2B757009DB7EB /* SceneDelegate.swift in Sources */ = {isa = PBXBuildFile; fileRef = 64B4100927E2B757009DB7EB /* SceneDelegate.swift */; };
		64B4100F27E2B757009DB7EB /* Main.storyboard in Resources */ = {isa = PBXBuildFile; fileRef = 64B4100D27E2B757009DB7EB /* Main.storyboard */; };
		64B4101127E2B75A009DB7EB /* Assets.xcassets in Resources */ = {isa = PBXBuildFile; fileRef = 64B4101027E2B75A009DB7EB /* Assets.xcassets */; };
		64B4101427E2B75A009DB7EB /* LaunchScreen.storyboard in Resources */ = {isa = PBXBuildFile; fileRef = 64B4101227E2B75A009DB7EB /* LaunchScreen.storyboard */; };
		64B4101F27E2B75A009DB7EB /* InstagramCloneTests.swift in Sources */ = {isa = PBXBuildFile; fileRef = 64B4101E27E2B75A009DB7EB /* InstagramCloneTests.swift */; };
		64B4102927E2B75A009DB7EB /* InstagramCloneUITests.swift in Sources */ = {isa = PBXBuildFile; fileRef = 64B4102827E2B75A009DB7EB /* InstagramCloneUITests.swift */; };
		64B4102B27E2B75A009DB7EB /* InstagramCloneUITestsLaunchTests.swift in Sources */ = {isa = PBXBuildFile; fileRef = 64B4102A27E2B75A009DB7EB /* InstagramCloneUITestsLaunchTests.swift */; };
		B6BDDAAA4E207CA9D2163022 /* Pods_InstagramCloneTests.framework in Frameworks */ = {isa = PBXBuildFile; fileRef = 058CD4D383601698A0E76FEE /* Pods_InstagramCloneTests.framework */; };
		F33DB0E2BB6CF39819CD9AC3 /* Pods_InstagramClone_InstagramCloneUITests.framework in Frameworks */ = {isa = PBXBuildFile; fileRef = AB7D97A75B62B2E095131522 /* Pods_InstagramClone_InstagramCloneUITests.framework */; };
/* End PBXBuildFile section */

/* Begin PBXContainerItemProxy section */
		64B4101B27E2B75A009DB7EB /* PBXContainerItemProxy */ = {
			isa = PBXContainerItemProxy;
			containerPortal = 64B40FFC27E2B756009DB7EB /* Project object */;
			proxyType = 1;
			remoteGlobalIDString = 64B4100327E2B756009DB7EB;
			remoteInfo = InstagramClone;
		};
		64B4102527E2B75A009DB7EB /* PBXContainerItemProxy */ = {
			isa = PBXContainerItemProxy;
			containerPortal = 64B40FFC27E2B756009DB7EB /* Project object */;
			proxyType = 1;
			remoteGlobalIDString = 64B4100327E2B756009DB7EB;
			remoteInfo = InstagramClone;
		};
/* End PBXContainerItemProxy section */

/* Begin PBXFileReference section */
		058CD4D383601698A0E76FEE /* Pods_InstagramCloneTests.framework */ = {isa = PBXFileReference; explicitFileType = wrapper.framework; includeInIndex = 0; path = Pods_InstagramCloneTests.framework; sourceTree = BUILT_PRODUCTS_DIR; };
		2546EEAD873B126D7C7DF77A /* Pods-InstagramClone.release.xcconfig */ = {isa = PBXFileReference; includeInIndex = 1; lastKnownFileType = text.xcconfig; name = "Pods-InstagramClone.release.xcconfig"; path = "Target Support Files/Pods-InstagramClone/Pods-InstagramClone.release.xcconfig"; sourceTree = "<group>"; };
		63F90CE79B7C14164B9CBA4B /* Pods-InstagramClone.debug.xcconfig */ = {isa = PBXFileReference; includeInIndex = 1; lastKnownFileType = text.xcconfig; name = "Pods-InstagramClone.debug.xcconfig"; path = "Target Support Files/Pods-InstagramClone/Pods-InstagramClone.debug.xcconfig"; sourceTree = "<group>"; };
		649029BF27E2BAC80011E237 /* LoginViewController.swift */ = {isa = PBXFileReference; lastKnownFileType = sourcecode.swift; path = LoginViewController.swift; sourceTree = "<group>"; };
		649029C127E2C2F30011E237 /* FeedViewController.swift */ = {isa = PBXFileReference; lastKnownFileType = sourcecode.swift; path = FeedViewController.swift; sourceTree = "<group>"; };
		64A2F5BB27F7C48800E9FB64 /* CommentTableViewCell.swift */ = {isa = PBXFileReference; lastKnownFileType = sourcecode.swift; path = CommentTableViewCell.swift; sourceTree = "<group>"; };
		64A2F5BD27F7F80900E9FB64 /* ProfileViewController.swift */ = {isa = PBXFileReference; lastKnownFileType = sourcecode.swift; path = ProfileViewController.swift; sourceTree = "<group>"; };
		64A9EB8727EE861800F0FECB /* CameraViewController.swift */ = {isa = PBXFileReference; lastKnownFileType = sourcecode.swift; path = CameraViewController.swift; sourceTree = "<group>"; };
		64A9EB8927EE98CF00F0FECB /* PostTableViewCell.swift */ = {isa = PBXFileReference; lastKnownFileType = sourcecode.swift; path = PostTableViewCell.swift; sourceTree = "<group>"; };
		64B4100427E2B756009DB7EB /* InstagramClone.app */ = {isa = PBXFileReference; explicitFileType = wrapper.application; includeInIndex = 0; path = InstagramClone.app; sourceTree = BUILT_PRODUCTS_DIR; };
		64B4100727E2B757009DB7EB /* AppDelegate.swift */ = {isa = PBXFileReference; lastKnownFileType = sourcecode.swift; path = AppDelegate.swift; sourceTree = "<group>"; };
		64B4100927E2B757009DB7EB /* SceneDelegate.swift */ = {isa = PBXFileReference; lastKnownFileType = sourcecode.swift; path = SceneDelegate.swift; sourceTree = "<group>"; };
		64B4100E27E2B757009DB7EB /* Base */ = {isa = PBXFileReference; lastKnownFileType = file.storyboard; name = Base; path = Base.lproj/Main.storyboard; sourceTree = "<group>"; };
		64B4101027E2B75A009DB7EB /* Assets.xcassets */ = {isa = PBXFileReference; lastKnownFileType = folder.assetcatalog; path = Assets.xcassets; sourceTree = "<group>"; };
		64B4101327E2B75A009DB7EB /* Base */ = {isa = PBXFileReference; lastKnownFileType = file.storyboard; name = Base; path = Base.lproj/LaunchScreen.storyboard; sourceTree = "<group>"; };
		64B4101527E2B75A009DB7EB /* Info.plist */ = {isa = PBXFileReference; lastKnownFileType = text.plist.xml; path = Info.plist; sourceTree = "<group>"; };
		64B4101A27E2B75A009DB7EB /* InstagramCloneTests.xctest */ = {isa = PBXFileReference; explicitFileType = wrapper.cfbundle; includeInIndex = 0; path = InstagramCloneTests.xctest; sourceTree = BUILT_PRODUCTS_DIR; };
		64B4101E27E2B75A009DB7EB /* InstagramCloneTests.swift */ = {isa = PBXFileReference; lastKnownFileType = sourcecode.swift; path = InstagramCloneTests.swift; sourceTree = "<group>"; };
		64B4102427E2B75A009DB7EB /* InstagramCloneUITests.xctest */ = {isa = PBXFileReference; explicitFileType = wrapper.cfbundle; includeInIndex = 0; path = InstagramCloneUITests.xctest; sourceTree = BUILT_PRODUCTS_DIR; };
		64B4102827E2B75A009DB7EB /* InstagramCloneUITests.swift */ = {isa = PBXFileReference; lastKnownFileType = sourcecode.swift; path = InstagramCloneUITests.swift; sourceTree = "<group>"; };
		64B4102A27E2B75A009DB7EB /* InstagramCloneUITestsLaunchTests.swift */ = {isa = PBXFileReference; lastKnownFileType = sourcecode.swift; path = InstagramCloneUITestsLaunchTests.swift; sourceTree = "<group>"; };
		6708F54405F231926E93B696 /* Pods-InstagramCloneTests.debug.xcconfig */ = {isa = PBXFileReference; includeInIndex = 1; lastKnownFileType = text.xcconfig; name = "Pods-InstagramCloneTests.debug.xcconfig"; path = "Target Support Files/Pods-InstagramCloneTests/Pods-InstagramCloneTests.debug.xcconfig"; sourceTree = "<group>"; };
		AB7D97A75B62B2E095131522 /* Pods_InstagramClone_InstagramCloneUITests.framework */ = {isa = PBXFileReference; explicitFileType = wrapper.framework; includeInIndex = 0; path = Pods_InstagramClone_InstagramCloneUITests.framework; sourceTree = BUILT_PRODUCTS_DIR; };
		AD51C02022C3686812F8563F /* Pods-InstagramClone-InstagramCloneUITests.debug.xcconfig */ = {isa = PBXFileReference; includeInIndex = 1; lastKnownFileType = text.xcconfig; name = "Pods-InstagramClone-InstagramCloneUITests.debug.xcconfig"; path = "Target Support Files/Pods-InstagramClone-InstagramCloneUITests/Pods-InstagramClone-InstagramCloneUITests.debug.xcconfig"; sourceTree = "<group>"; };
		D6B11D0E214AC0E53D967511 /* Pods_InstagramClone.framework */ = {isa = PBXFileReference; explicitFileType = wrapper.framework; includeInIndex = 0; path = Pods_InstagramClone.framework; sourceTree = BUILT_PRODUCTS_DIR; };
		F470E163332BF959B648D838 /* Pods-InstagramCloneTests.release.xcconfig */ = {isa = PBXFileReference; includeInIndex = 1; lastKnownFileType = text.xcconfig; name = "Pods-InstagramCloneTests.release.xcconfig"; path = "Target Support Files/Pods-InstagramCloneTests/Pods-InstagramCloneTests.release.xcconfig"; sourceTree = "<group>"; };
		FB758DC315197F30845F7C28 /* Pods-InstagramClone-InstagramCloneUITests.release.xcconfig */ = {isa = PBXFileReference; includeInIndex = 1; lastKnownFileType = text.xcconfig; name = "Pods-InstagramClone-InstagramCloneUITests.release.xcconfig"; path = "Target Support Files/Pods-InstagramClone-InstagramCloneUITests/Pods-InstagramClone-InstagramCloneUITests.release.xcconfig"; sourceTree = "<group>"; };
/* End PBXFileReference section */

/* Begin PBXFrameworksBuildPhase section */
		64B4100127E2B756009DB7EB /* Frameworks */ = {
			isa = PBXFrameworksBuildPhase;
			buildActionMask = 2147483647;
			files = (
				461AEB49CAEFEB8F7EC9C4F9 /* Pods_InstagramClone.framework in Frameworks */,
			);
			runOnlyForDeploymentPostprocessing = 0;
		};
		64B4101727E2B75A009DB7EB /* Frameworks */ = {
			isa = PBXFrameworksBuildPhase;
			buildActionMask = 2147483647;
			files = (
				B6BDDAAA4E207CA9D2163022 /* Pods_InstagramCloneTests.framework in Frameworks */,
			);
			runOnlyForDeploymentPostprocessing = 0;
		};
		64B4102127E2B75A009DB7EB /* Frameworks */ = {
			isa = PBXFrameworksBuildPhase;
			buildActionMask = 2147483647;
			files = (
				F33DB0E2BB6CF39819CD9AC3 /* Pods_InstagramClone_InstagramCloneUITests.framework in Frameworks */,
			);
			runOnlyForDeploymentPostprocessing = 0;
		};
/* End PBXFrameworksBuildPhase section */

/* Begin PBXGroup section */
		64B40FFB27E2B756009DB7EB = {
			isa = PBXGroup;
			children = (
				64B4100627E2B756009DB7EB /* InstagramClone */,
				64B4101D27E2B75A009DB7EB /* InstagramCloneTests */,
				64B4102727E2B75A009DB7EB /* InstagramCloneUITests */,
				64B4100527E2B756009DB7EB /* Products */,
				F835AC90DA65D9819D855A16 /* Pods */,
				C005CE9B787697F9B1122CAB /* Frameworks */,
			);
			sourceTree = "<group>";
		};
		64B4100527E2B756009DB7EB /* Products */ = {
			isa = PBXGroup;
			children = (
				64B4100427E2B756009DB7EB /* InstagramClone.app */,
				64B4101A27E2B75A009DB7EB /* InstagramCloneTests.xctest */,
				64B4102427E2B75A009DB7EB /* InstagramCloneUITests.xctest */,
			);
			name = Products;
			sourceTree = "<group>";
		};
		64B4100627E2B756009DB7EB /* InstagramClone */ = {
			isa = PBXGroup;
			children = (
				64B4100727E2B757009DB7EB /* AppDelegate.swift */,
				64B4100927E2B757009DB7EB /* SceneDelegate.swift */,
				64B4100D27E2B757009DB7EB /* Main.storyboard */,
				64A2F5BD27F7F80900E9FB64 /* ProfileViewController.swift */,
				64A2F5BB27F7C48800E9FB64 /* CommentTableViewCell.swift */,
				64A9EB8927EE98CF00F0FECB /* PostTableViewCell.swift */,
				64A9EB8727EE861800F0FECB /* CameraViewController.swift */,
				64B4101027E2B75A009DB7EB /* Assets.xcassets */,
				64B4101227E2B75A009DB7EB /* LaunchScreen.storyboard */,
				64B4101527E2B75A009DB7EB /* Info.plist */,
				649029BF27E2BAC80011E237 /* LoginViewController.swift */,
				649029C127E2C2F30011E237 /* FeedViewController.swift */,
			);
			path = InstagramClone;
			sourceTree = "<group>";
		};
		64B4101D27E2B75A009DB7EB /* InstagramCloneTests */ = {
			isa = PBXGroup;
			children = (
				64B4101E27E2B75A009DB7EB /* InstagramCloneTests.swift */,
			);
			path = InstagramCloneTests;
			sourceTree = "<group>";
		};
		64B4102727E2B75A009DB7EB /* InstagramCloneUITests */ = {
			isa = PBXGroup;
			children = (
				64B4102827E2B75A009DB7EB /* InstagramCloneUITests.swift */,
				64B4102A27E2B75A009DB7EB /* InstagramCloneUITestsLaunchTests.swift */,
			);
			path = InstagramCloneUITests;
			sourceTree = "<group>";
		};
		C005CE9B787697F9B1122CAB /* Frameworks */ = {
			isa = PBXGroup;
			children = (
				D6B11D0E214AC0E53D967511 /* Pods_InstagramClone.framework */,
				AB7D97A75B62B2E095131522 /* Pods_InstagramClone_InstagramCloneUITests.framework */,
				058CD4D383601698A0E76FEE /* Pods_InstagramCloneTests.framework */,
			);
			name = Frameworks;
			sourceTree = "<group>";
		};
		F835AC90DA65D9819D855A16 /* Pods */ = {
			isa = PBXGroup;
			children = (
				63F90CE79B7C14164B9CBA4B /* Pods-InstagramClone.debug.xcconfig */,
				2546EEAD873B126D7C7DF77A /* Pods-InstagramClone.release.xcconfig */,
				AD51C02022C3686812F8563F /* Pods-InstagramClone-InstagramCloneUITests.debug.xcconfig */,
				FB758DC315197F30845F7C28 /* Pods-InstagramClone-InstagramCloneUITests.release.xcconfig */,
				6708F54405F231926E93B696 /* Pods-InstagramCloneTests.debug.xcconfig */,
				F470E163332BF959B648D838 /* Pods-InstagramCloneTests.release.xcconfig */,
			);
			path = Pods;
			sourceTree = "<group>";
		};
/* End PBXGroup section */

/* Begin PBXNativeTarget section */
		64B4100327E2B756009DB7EB /* InstagramClone */ = {
			isa = PBXNativeTarget;
			buildConfigurationList = 64B4102E27E2B75A009DB7EB /* Build configuration list for PBXNativeTarget "InstagramClone" */;
			buildPhases = (
				C8A192E107DA55E1671F1012 /* [CP] Check Pods Manifest.lock */,
				64B4100027E2B756009DB7EB /* Sources */,
				64B4100127E2B756009DB7EB /* Frameworks */,
				64B4100227E2B756009DB7EB /* Resources */,
				4FACDF492762B1300AA9F91D /* [CP] Embed Pods Frameworks */,
			);
			buildRules = (
			);
			dependencies = (
			);
			name = InstagramClone;
			productName = InstagramClone;
			productReference = 64B4100427E2B756009DB7EB /* InstagramClone.app */;
			productType = "com.apple.product-type.application";
		};
		64B4101927E2B75A009DB7EB /* InstagramCloneTests */ = {
			isa = PBXNativeTarget;
			buildConfigurationList = 64B4103127E2B75A009DB7EB /* Build configuration list for PBXNativeTarget "InstagramCloneTests" */;
			buildPhases = (
				B4D260573BE583BEA564B217 /* [CP] Check Pods Manifest.lock */,
				64B4101627E2B75A009DB7EB /* Sources */,
				64B4101727E2B75A009DB7EB /* Frameworks */,
				64B4101827E2B75A009DB7EB /* Resources */,
			);
			buildRules = (
			);
			dependencies = (
				64B4101C27E2B75A009DB7EB /* PBXTargetDependency */,
			);
			name = InstagramCloneTests;
			productName = InstagramCloneTests;
			productReference = 64B4101A27E2B75A009DB7EB /* InstagramCloneTests.xctest */;
			productType = "com.apple.product-type.bundle.unit-test";
		};
		64B4102327E2B75A009DB7EB /* InstagramCloneUITests */ = {
			isa = PBXNativeTarget;
			buildConfigurationList = 64B4103427E2B75A009DB7EB /* Build configuration list for PBXNativeTarget "InstagramCloneUITests" */;
			buildPhases = (
				1D51CE96E518B0E894D3C681 /* [CP] Check Pods Manifest.lock */,
				64B4102027E2B75A009DB7EB /* Sources */,
				64B4102127E2B75A009DB7EB /* Frameworks */,
				64B4102227E2B75A009DB7EB /* Resources */,
				3660C3143E82B398964C2E30 /* [CP] Embed Pods Frameworks */,
			);
			buildRules = (
			);
			dependencies = (
				64B4102627E2B75A009DB7EB /* PBXTargetDependency */,
			);
			name = InstagramCloneUITests;
			productName = InstagramCloneUITests;
			productReference = 64B4102427E2B75A009DB7EB /* InstagramCloneUITests.xctest */;
			productType = "com.apple.product-type.bundle.ui-testing";
		};
/* End PBXNativeTarget section */

/* Begin PBXProject section */
		64B40FFC27E2B756009DB7EB /* Project object */ = {
			isa = PBXProject;
			attributes = {
				BuildIndependentTargetsInParallel = 1;
				LastSwiftUpdateCheck = 1320;
				LastUpgradeCheck = 1320;
				TargetAttributes = {
					64B4100327E2B756009DB7EB = {
						CreatedOnToolsVersion = 13.2.1;
					};
					64B4101927E2B75A009DB7EB = {
						CreatedOnToolsVersion = 13.2.1;
						TestTargetID = 64B4100327E2B756009DB7EB;
					};
					64B4102327E2B75A009DB7EB = {
						CreatedOnToolsVersion = 13.2.1;
						TestTargetID = 64B4100327E2B756009DB7EB;
					};
				};
			};
			buildConfigurationList = 64B40FFF27E2B756009DB7EB /* Build configuration list for PBXProject "InstagramClone" */;
			compatibilityVersion = "Xcode 13.0";
			developmentRegion = en;
			hasScannedForEncodings = 0;
			knownRegions = (
				en,
				Base,
			);
			mainGroup = 64B40FFB27E2B756009DB7EB;
			productRefGroup = 64B4100527E2B756009DB7EB /* Products */;
			projectDirPath = "";
			projectRoot = "";
			targets = (
				64B4100327E2B756009DB7EB /* InstagramClone */,
				64B4101927E2B75A009DB7EB /* InstagramCloneTests */,
				64B4102327E2B75A009DB7EB /* InstagramCloneUITests */,
			);
		};
/* End PBXProject section */

/* Begin PBXResourcesBuildPhase section */
		64B4100227E2B756009DB7EB /* Resources */ = {
			isa = PBXResourcesBuildPhase;
			buildActionMask = 2147483647;
			files = (
				64B4101427E2B75A009DB7EB /* LaunchScreen.storyboard in Resources */,
				64B4101127E2B75A009DB7EB /* Assets.xcassets in Resources */,
				64B4100F27E2B757009DB7EB /* Main.storyboard in Resources */,
			);
			runOnlyForDeploymentPostprocessing = 0;
		};
		64B4101827E2B75A009DB7EB /* Resources */ = {
			isa = PBXResourcesBuildPhase;
			buildActionMask = 2147483647;
			files = (
			);
			runOnlyForDeploymentPostprocessing = 0;
		};
		64B4102227E2B75A009DB7EB /* Resources */ = {
			isa = PBXResourcesBuildPhase;
			buildActionMask = 2147483647;
			files = (
			);
			runOnlyForDeploymentPostprocessing = 0;
		};
/* End PBXResourcesBuildPhase section */

/* Begin PBXShellScriptBuildPhase section */
		1D51CE96E518B0E894D3C681 /* [CP] Check Pods Manifest.lock */ = {
			isa = PBXShellScriptBuildPhase;
			buildActionMask = 2147483647;
			files = (
			);
			inputFileListPaths = (
			);
			inputPaths = (
				"${PODS_PODFILE_DIR_PATH}/Podfile.lock",
				"${PODS_ROOT}/Manifest.lock",
			);
			name = "[CP] Check Pods Manifest.lock";
			outputFileListPaths = (
			);
			outputPaths = (
				"$(DERIVED_FILE_DIR)/Pods-InstagramClone-InstagramCloneUITests-checkManifestLockResult.txt",
			);
			runOnlyForDeploymentPostprocessing = 0;
			shellPath = /bin/sh;
			shellScript = "diff \"${PODS_PODFILE_DIR_PATH}/Podfile.lock\" \"${PODS_ROOT}/Manifest.lock\" > /dev/null\nif [ $? != 0 ] ; then\n    # print error to STDERR\n    echo \"error: The sandbox is not in sync with the Podfile.lock. Run 'pod install' or update your CocoaPods installation.\" >&2\n    exit 1\nfi\n# This output is used by Xcode 'outputs' to avoid re-running this script phase.\necho \"SUCCESS\" > \"${SCRIPT_OUTPUT_FILE_0}\"\n";
			showEnvVarsInLog = 0;
		};
		3660C3143E82B398964C2E30 /* [CP] Embed Pods Frameworks */ = {
			isa = PBXShellScriptBuildPhase;
			buildActionMask = 2147483647;
			files = (
			);
			inputFileListPaths = (
				"${PODS_ROOT}/Target Support Files/Pods-InstagramClone-InstagramCloneUITests/Pods-InstagramClone-InstagramCloneUITests-frameworks-${CONFIGURATION}-input-files.xcfilelist",
			);
			name = "[CP] Embed Pods Frameworks";
			outputFileListPaths = (
				"${PODS_ROOT}/Target Support Files/Pods-InstagramClone-InstagramCloneUITests/Pods-InstagramClone-InstagramCloneUITests-frameworks-${CONFIGURATION}-output-files.xcfilelist",
			);
			runOnlyForDeploymentPostprocessing = 0;
			shellPath = /bin/sh;
			shellScript = "\"${PODS_ROOT}/Target Support Files/Pods-InstagramClone-InstagramCloneUITests/Pods-InstagramClone-InstagramCloneUITests-frameworks.sh\"\n";
			showEnvVarsInLog = 0;
		};
		4FACDF492762B1300AA9F91D /* [CP] Embed Pods Frameworks */ = {
			isa = PBXShellScriptBuildPhase;
			buildActionMask = 2147483647;
			files = (
			);
			inputFileListPaths = (
				"${PODS_ROOT}/Target Support Files/Pods-InstagramClone/Pods-InstagramClone-frameworks-${CONFIGURATION}-input-files.xcfilelist",
			);
			name = "[CP] Embed Pods Frameworks";
			outputFileListPaths = (
				"${PODS_ROOT}/Target Support Files/Pods-InstagramClone/Pods-InstagramClone-frameworks-${CONFIGURATION}-output-files.xcfilelist",
			);
			runOnlyForDeploymentPostprocessing = 0;
			shellPath = /bin/sh;
			shellScript = "\"${PODS_ROOT}/Target Support Files/Pods-InstagramClone/Pods-InstagramClone-frameworks.sh\"\n";
			showEnvVarsInLog = 0;
		};
		B4D260573BE583BEA564B217 /* [CP] Check Pods Manifest.lock */ = {
			isa = PBXShellScriptBuildPhase;
			buildActionMask = 2147483647;
			files = (
			);
			inputFileListPaths = (
			);
			inputPaths = (
				"${PODS_PODFILE_DIR_PATH}/Podfile.lock",
				"${PODS_ROOT}/Manifest.lock",
			);
			name = "[CP] Check Pods Manifest.lock";
			outputFileListPaths = (
			);
			outputPaths = (
				"$(DERIVED_FILE_DIR)/Pods-InstagramCloneTests-checkManifestLockResult.txt",
			);
			runOnlyForDeploymentPostprocessing = 0;
			shellPath = /bin/sh;
			shellScript = "diff \"${PODS_PODFILE_DIR_PATH}/Podfile.lock\" \"${PODS_ROOT}/Manifest.lock\" > /dev/null\nif [ $? != 0 ] ; then\n    # print error to STDERR\n    echo \"error: The sandbox is not in sync with the Podfile.lock. Run 'pod install' or update your CocoaPods installation.\" >&2\n    exit 1\nfi\n# This output is used by Xcode 'outputs' to avoid re-running this script phase.\necho \"SUCCESS\" > \"${SCRIPT_OUTPUT_FILE_0}\"\n";
			showEnvVarsInLog = 0;
		};
		C8A192E107DA55E1671F1012 /* [CP] Check Pods Manifest.lock */ = {
			isa = PBXShellScriptBuildPhase;
			buildActionMask = 2147483647;
			files = (
			);
			inputFileListPaths = (
			);
			inputPaths = (
				"${PODS_PODFILE_DIR_PATH}/Podfile.lock",
				"${PODS_ROOT}/Manifest.lock",
			);
			name = "[CP] Check Pods Manifest.lock";
			outputFileListPaths = (
			);
			outputPaths = (
				"$(DERIVED_FILE_DIR)/Pods-InstagramClone-checkManifestLockResult.txt",
			);
			runOnlyForDeploymentPostprocessing = 0;
			shellPath = /bin/sh;
			shellScript = "diff \"${PODS_PODFILE_DIR_PATH}/Podfile.lock\" \"${PODS_ROOT}/Manifest.lock\" > /dev/null\nif [ $? != 0 ] ; then\n    # print error to STDERR\n    echo \"error: The sandbox is not in sync with the Podfile.lock. Run 'pod install' or update your CocoaPods installation.\" >&2\n    exit 1\nfi\n# This output is used by Xcode 'outputs' to avoid re-running this script phase.\necho \"SUCCESS\" > \"${SCRIPT_OUTPUT_FILE_0}\"\n";
			showEnvVarsInLog = 0;
		};
/* End PBXShellScriptBuildPhase section */

/* Begin PBXSourcesBuildPhase section */
		64B4100027E2B756009DB7EB /* Sources */ = {
			isa = PBXSourcesBuildPhase;
			buildActionMask = 2147483647;
			files = (
				649029C027E2BAC80011E237 /* LoginViewController.swift in Sources */,
				64A9EB8827EE861800F0FECB /* CameraViewController.swift in Sources */,
				64B4100827E2B757009DB7EB /* AppDelegate.swift in Sources */,
				649029C227E2C2F30011E237 /* FeedViewController.swift in Sources */,
				64A2F5BC27F7C48800E9FB64 /* CommentTableViewCell.swift in Sources */,
				64B4100A27E2B757009DB7EB /* SceneDelegate.swift in Sources */,
				64A2F5BE27F7F80900E9FB64 /* ProfileViewController.swift in Sources */,
				64A9EB8A27EE98D000F0FECB /* PostTableViewCell.swift in Sources */,
			);
			runOnlyForDeploymentPostprocessing = 0;
		};
		64B4101627E2B75A009DB7EB /* Sources */ = {
			isa = PBXSourcesBuildPhase;
			buildActionMask = 2147483647;
			files = (
				64B4101F27E2B75A009DB7EB /* InstagramCloneTests.swift in Sources */,
			);
			runOnlyForDeploymentPostprocessing = 0;
		};
		64B4102027E2B75A009DB7EB /* Sources */ = {
			isa = PBXSourcesBuildPhase;
			buildActionMask = 2147483647;
			files = (
				64B4102927E2B75A009DB7EB /* InstagramCloneUITests.swift in Sources */,
				64B4102B27E2B75A009DB7EB /* InstagramCloneUITestsLaunchTests.swift in Sources */,
			);
			runOnlyForDeploymentPostprocessing = 0;
		};
/* End PBXSourcesBuildPhase section */

/* Begin PBXTargetDependency section */
		64B4101C27E2B75A009DB7EB /* PBXTargetDependency */ = {
			isa = PBXTargetDependency;
			target = 64B4100327E2B756009DB7EB /* InstagramClone */;
			targetProxy = 64B4101B27E2B75A009DB7EB /* PBXContainerItemProxy */;
		};
		64B4102627E2B75A009DB7EB /* PBXTargetDependency */ = {
			isa = PBXTargetDependency;
			target = 64B4100327E2B756009DB7EB /* InstagramClone */;
			targetProxy = 64B4102527E2B75A009DB7EB /* PBXContainerItemProxy */;
		};
/* End PBXTargetDependency section */

/* Begin PBXVariantGroup section */
		64B4100D27E2B757009DB7EB /* Main.storyboard */ = {
			isa = PBXVariantGroup;
			children = (
				64B4100E27E2B757009DB7EB /* Base */,
			);
			name = Main.storyboard;
			sourceTree = "<group>";
		};
		64B4101227E2B75A009DB7EB /* LaunchScreen.storyboard */ = {
			isa = PBXVariantGroup;
			children = (
				64B4101327E2B75A009DB7EB /* Base */,
			);
			name = LaunchScreen.storyboard;
			sourceTree = "<group>";
		};
/* End PBXVariantGroup section */

/* Begin XCBuildConfiguration section */
		64B4102C27E2B75A009DB7EB /* Debug */ = {
			isa = XCBuildConfiguration;
			buildSettings = {
				ALWAYS_SEARCH_USER_PATHS = NO;
				CLANG_ANALYZER_NONNULL = YES;
				CLANG_ANALYZER_NUMBER_OBJECT_CONVERSION = YES_AGGRESSIVE;
				CLANG_CXX_LANGUAGE_STANDARD = "gnu++17";
				CLANG_CXX_LIBRARY = "libc++";
				CLANG_ENABLE_MODULES = YES;
				CLANG_ENABLE_OBJC_ARC = YES;
				CLANG_ENABLE_OBJC_WEAK = YES;
				CLANG_WARN_BLOCK_CAPTURE_AUTORELEASING = YES;
				CLANG_WARN_BOOL_CONVERSION = YES;
				CLANG_WARN_COMMA = YES;
				CLANG_WARN_CONSTANT_CONVERSION = YES;
				CLANG_WARN_DEPRECATED_OBJC_IMPLEMENTATIONS = YES;
				CLANG_WARN_DIRECT_OBJC_ISA_USAGE = YES_ERROR;
				CLANG_WARN_DOCUMENTATION_COMMENTS = YES;
				CLANG_WARN_EMPTY_BODY = YES;
				CLANG_WARN_ENUM_CONVERSION = YES;
				CLANG_WARN_INFINITE_RECURSION = YES;
				CLANG_WARN_INT_CONVERSION = YES;
				CLANG_WARN_NON_LITERAL_NULL_CONVERSION = YES;
				CLANG_WARN_OBJC_IMPLICIT_RETAIN_SELF = YES;
				CLANG_WARN_OBJC_LITERAL_CONVERSION = YES;
				CLANG_WARN_OBJC_ROOT_CLASS = YES_ERROR;
				CLANG_WARN_QUOTED_INCLUDE_IN_FRAMEWORK_HEADER = YES;
				CLANG_WARN_RANGE_LOOP_ANALYSIS = YES;
				CLANG_WARN_STRICT_PROTOTYPES = YES;
				CLANG_WARN_SUSPICIOUS_MOVE = YES;
				CLANG_WARN_UNGUARDED_AVAILABILITY = YES_AGGRESSIVE;
				CLANG_WARN_UNREACHABLE_CODE = YES;
				CLANG_WARN__DUPLICATE_METHOD_MATCH = YES;
				COPY_PHASE_STRIP = NO;
				DEBUG_INFORMATION_FORMAT = dwarf;
				ENABLE_STRICT_OBJC_MSGSEND = YES;
				ENABLE_TESTABILITY = YES;
				GCC_C_LANGUAGE_STANDARD = gnu11;
				GCC_DYNAMIC_NO_PIC = NO;
				GCC_NO_COMMON_BLOCKS = YES;
				GCC_OPTIMIZATION_LEVEL = 0;
				GCC_PREPROCESSOR_DEFINITIONS = (
					"DEBUG=1",
					"$(inherited)",
				);
				GCC_WARN_64_TO_32_BIT_CONVERSION = YES;
				GCC_WARN_ABOUT_RETURN_TYPE = YES_ERROR;
				GCC_WARN_UNDECLARED_SELECTOR = YES;
				GCC_WARN_UNINITIALIZED_AUTOS = YES_AGGRESSIVE;
				GCC_WARN_UNUSED_FUNCTION = YES;
				GCC_WARN_UNUSED_VARIABLE = YES;
				IPHONEOS_DEPLOYMENT_TARGET = 15.2;
				MTL_ENABLE_DEBUG_INFO = INCLUDE_SOURCE;
				MTL_FAST_MATH = YES;
				ONLY_ACTIVE_ARCH = YES;
				SDKROOT = iphoneos;
				SWIFT_ACTIVE_COMPILATION_CONDITIONS = DEBUG;
				SWIFT_OPTIMIZATION_LEVEL = "-Onone";
			};
			name = Debug;
		};
		64B4102D27E2B75A009DB7EB /* Release */ = {
			isa = XCBuildConfiguration;
			buildSettings = {
				ALWAYS_SEARCH_USER_PATHS = NO;
				CLANG_ANALYZER_NONNULL = YES;
				CLANG_ANALYZER_NUMBER_OBJECT_CONVERSION = YES_AGGRESSIVE;
				CLANG_CXX_LANGUAGE_STANDARD = "gnu++17";
				CLANG_CXX_LIBRARY = "libc++";
				CLANG_ENABLE_MODULES = YES;
				CLANG_ENABLE_OBJC_ARC = YES;
				CLANG_ENABLE_OBJC_WEAK = YES;
				CLANG_WARN_BLOCK_CAPTURE_AUTORELEASING = YES;
				CLANG_WARN_BOOL_CONVERSION = YES;
				CLANG_WARN_COMMA = YES;
				CLANG_WARN_CONSTANT_CONVERSION = YES;
				CLANG_WARN_DEPRECATED_OBJC_IMPLEMENTATIONS = YES;
				CLANG_WARN_DIRECT_OBJC_ISA_USAGE = YES_ERROR;
				CLANG_WARN_DOCUMENTATION_COMMENTS = YES;
				CLANG_WARN_EMPTY_BODY = YES;
				CLANG_WARN_ENUM_CONVERSION = YES;
				CLANG_WARN_INFINITE_RECURSION = YES;
				CLANG_WARN_INT_CONVERSION = YES;
				CLANG_WARN_NON_LITERAL_NULL_CONVERSION = YES;
				CLANG_WARN_OBJC_IMPLICIT_RETAIN_SELF = YES;
				CLANG_WARN_OBJC_LITERAL_CONVERSION = YES;
				CLANG_WARN_OBJC_ROOT_CLASS = YES_ERROR;
				CLANG_WARN_QUOTED_INCLUDE_IN_FRAMEWORK_HEADER = YES;
				CLANG_WARN_RANGE_LOOP_ANALYSIS = YES;
				CLANG_WARN_STRICT_PROTOTYPES = YES;
				CLANG_WARN_SUSPICIOUS_MOVE = YES;
				CLANG_WARN_UNGUARDED_AVAILABILITY = YES_AGGRESSIVE;
				CLANG_WARN_UNREACHABLE_CODE = YES;
				CLANG_WARN__DUPLICATE_METHOD_MATCH = YES;
				COPY_PHASE_STRIP = NO;
				DEBUG_INFORMATION_FORMAT = "dwarf-with-dsym";
				ENABLE_NS_ASSERTIONS = NO;
				ENABLE_STRICT_OBJC_MSGSEND = YES;
				GCC_C_LANGUAGE_STANDARD = gnu11;
				GCC_NO_COMMON_BLOCKS = YES;
				GCC_WARN_64_TO_32_BIT_CONVERSION = YES;
				GCC_WARN_ABOUT_RETURN_TYPE = YES_ERROR;
				GCC_WARN_UNDECLARED_SELECTOR = YES;
				GCC_WARN_UNINITIALIZED_AUTOS = YES_AGGRESSIVE;
				GCC_WARN_UNUSED_FUNCTION = YES;
				GCC_WARN_UNUSED_VARIABLE = YES;
				IPHONEOS_DEPLOYMENT_TARGET = 15.2;
				MTL_ENABLE_DEBUG_INFO = NO;
				MTL_FAST_MATH = YES;
				SDKROOT = iphoneos;
				SWIFT_COMPILATION_MODE = wholemodule;
				SWIFT_OPTIMIZATION_LEVEL = "-O";
				VALIDATE_PRODUCT = YES;
			};
			name = Release;
		};
		64B4102F27E2B75A009DB7EB /* Debug */ = {
			isa = XCBuildConfiguration;
			baseConfigurationReference = 63F90CE79B7C14164B9CBA4B /* Pods-InstagramClone.debug.xcconfig */;
			buildSettings = {
				ASSETCATALOG_COMPILER_APPICON_NAME = AppIcon;
				ASSETCATALOG_COMPILER_GLOBAL_ACCENT_COLOR_NAME = AccentColor;
				CODE_SIGN_STYLE = Automatic;
				CURRENT_PROJECT_VERSION = 1;
				DEVELOPMENT_TEAM = GNAX27DMA6;
				GENERATE_INFOPLIST_FILE = YES;
				INFOPLIST_FILE = InstagramClone/Info.plist;
				INFOPLIST_KEY_UIApplicationSupportsIndirectInputEvents = YES;
				INFOPLIST_KEY_UILaunchStoryboardName = LaunchScreen;
				INFOPLIST_KEY_UIMainStoryboardFile = Main;
				INFOPLIST_KEY_UISupportedInterfaceOrientations_iPad = "UIInterfaceOrientationPortrait UIInterfaceOrientationPortraitUpsideDown UIInterfaceOrientationLandscapeLeft UIInterfaceOrientationLandscapeRight";
				INFOPLIST_KEY_UISupportedInterfaceOrientations_iPhone = "UIInterfaceOrientationPortrait UIInterfaceOrientationLandscapeLeft UIInterfaceOrientationLandscapeRight";
				LD_RUNPATH_SEARCH_PATHS = (
					"$(inherited)",
					"@executable_path/Frameworks",
				);
				MARKETING_VERSION = 1.0;
				PRODUCT_BUNDLE_IDENTIFIER = com.Jibril.InstagramClone;
				PRODUCT_NAME = "$(TARGET_NAME)";
				SWIFT_EMIT_LOC_STRINGS = YES;
				SWIFT_VERSION = 5.0;
				TARGETED_DEVICE_FAMILY = "1,2";
			};
			name = Debug;
		};
		64B4103027E2B75A009DB7EB /* Release */ = {
			isa = XCBuildConfiguration;
			baseConfigurationReference = 2546EEAD873B126D7C7DF77A /* Pods-InstagramClone.release.xcconfig */;
			buildSettings = {
				ASSETCATALOG_COMPILER_APPICON_NAME = AppIcon;
				ASSETCATALOG_COMPILER_GLOBAL_ACCENT_COLOR_NAME = AccentColor;
				CODE_SIGN_STYLE = Automatic;
				CURRENT_PROJECT_VERSION = 1;
				DEVELOPMENT_TEAM = GNAX27DMA6;
				GENERATE_INFOPLIST_FILE = YES;
				INFOPLIST_FILE = InstagramClone/Info.plist;
				INFOPLIST_KEY_UIApplicationSupportsIndirectInputEvents = YES;
				INFOPLIST_KEY_UILaunchStoryboardName = LaunchScreen;
				INFOPLIST_KEY_UIMainStoryboardFile = Main;
				INFOPLIST_KEY_UISupportedInterfaceOrientations_iPad = "UIInterfaceOrientationPortrait UIInterfaceOrientationPortraitUpsideDown UIInterfaceOrientationLandscapeLeft UIInterfaceOrientationLandscapeRight";
				INFOPLIST_KEY_UISupportedInterfaceOrientations_iPhone = "UIInterfaceOrientationPortrait UIInterfaceOrientationLandscapeLeft UIInterfaceOrientationLandscapeRight";
				LD_RUNPATH_SEARCH_PATHS = (
					"$(inherited)",
					"@executable_path/Frameworks",
				);
				MARKETING_VERSION = 1.0;
				PRODUCT_BUNDLE_IDENTIFIER = com.Jibril.InstagramClone;
				PRODUCT_NAME = "$(TARGET_NAME)";
				SWIFT_EMIT_LOC_STRINGS = YES;
				SWIFT_VERSION = 5.0;
				TARGETED_DEVICE_FAMILY = "1,2";
			};
			name = Release;
		};
		64B4103227E2B75A009DB7EB /* Debug */ = {
			isa = XCBuildConfiguration;
			baseConfigurationReference = 6708F54405F231926E93B696 /* Pods-InstagramCloneTests.debug.xcconfig */;
			buildSettings = {
				ALWAYS_EMBED_SWIFT_STANDARD_LIBRARIES = YES;
				BUNDLE_LOADER = "$(TEST_HOST)";
				CODE_SIGN_STYLE = Automatic;
				CURRENT_PROJECT_VERSION = 1;
				DEVELOPMENT_TEAM = GNAX27DMA6;
				GENERATE_INFOPLIST_FILE = YES;
				IPHONEOS_DEPLOYMENT_TARGET = 15.2;
				MARKETING_VERSION = 1.0;
				PRODUCT_BUNDLE_IDENTIFIER = com.Jibril.InstagramCloneTests;
				PRODUCT_NAME = "$(TARGET_NAME)";
				SWIFT_EMIT_LOC_STRINGS = NO;
				SWIFT_VERSION = 5.0;
				TARGETED_DEVICE_FAMILY = "1,2";
				TEST_HOST = "$(BUILT_PRODUCTS_DIR)/InstagramClone.app/InstagramClone";
			};
			name = Debug;
		};
		64B4103327E2B75A009DB7EB /* Release */ = {
			isa = XCBuildConfiguration;
			baseConfigurationReference = F470E163332BF959B648D838 /* Pods-InstagramCloneTests.release.xcconfig */;
			buildSettings = {
				ALWAYS_EMBED_SWIFT_STANDARD_LIBRARIES = YES;
				BUNDLE_LOADER = "$(TEST_HOST)";
				CODE_SIGN_STYLE = Automatic;
				CURRENT_PROJECT_VERSION = 1;
				DEVELOPMENT_TEAM = GNAX27DMA6;
				GENERATE_INFOPLIST_FILE = YES;
				IPHONEOS_DEPLOYMENT_TARGET = 15.2;
				MARKETING_VERSION = 1.0;
				PRODUCT_BUNDLE_IDENTIFIER = com.Jibril.InstagramCloneTests;
				PRODUCT_NAME = "$(TARGET_NAME)";
				SWIFT_EMIT_LOC_STRINGS = NO;
				SWIFT_VERSION = 5.0;
				TARGETED_DEVICE_FAMILY = "1,2";
				TEST_HOST = "$(BUILT_PRODUCTS_DIR)/InstagramClone.app/InstagramClone";
			};
			name = Release;
		};
		64B4103527E2B75A009DB7EB /* Debug */ = {
			isa = XCBuildConfiguration;
			baseConfigurationReference = AD51C02022C3686812F8563F /* Pods-InstagramClone-InstagramCloneUITests.debug.xcconfig */;
			buildSettings = {
				ALWAYS_EMBED_SWIFT_STANDARD_LIBRARIES = YES;
				CODE_SIGN_STYLE = Automatic;
				CURRENT_PROJECT_VERSION = 1;
				DEVELOPMENT_TEAM = GNAX27DMA6;
				GENERATE_INFOPLIST_FILE = YES;
				MARKETING_VERSION = 1.0;
				PRODUCT_BUNDLE_IDENTIFIER = com.Jibril.InstagramCloneUITests;
				PRODUCT_NAME = "$(TARGET_NAME)";
				SWIFT_EMIT_LOC_STRINGS = NO;
				SWIFT_VERSION = 5.0;
				TARGETED_DEVICE_FAMILY = "1,2";
				TEST_TARGET_NAME = InstagramClone;
			};
			name = Debug;
		};
		64B4103627E2B75A009DB7EB /* Release */ = {
			isa = XCBuildConfiguration;
			baseConfigurationReference = FB758DC315197F30845F7C28 /* Pods-InstagramClone-InstagramCloneUITests.release.xcconfig */;
			buildSettings = {
				ALWAYS_EMBED_SWIFT_STANDARD_LIBRARIES = YES;
				CODE_SIGN_STYLE = Automatic;
				CURRENT_PROJECT_VERSION = 1;
				DEVELOPMENT_TEAM = GNAX27DMA6;
				GENERATE_INFOPLIST_FILE = YES;
				MARKETING_VERSION = 1.0;
				PRODUCT_BUNDLE_IDENTIFIER = com.Jibril.InstagramCloneUITests;
				PRODUCT_NAME = "$(TARGET_NAME)";
				SWIFT_EMIT_LOC_STRINGS = NO;
				SWIFT_VERSION = 5.0;
				TARGETED_DEVICE_FAMILY = "1,2";
				TEST_TARGET_NAME = InstagramClone;
			};
			name = Release;
		};
/* End XCBuildConfiguration section */

/* Begin XCConfigurationList section */
		64B40FFF27E2B756009DB7EB /* Build configuration list for PBXProject "InstagramClone" */ = {
			isa = XCConfigurationList;
			buildConfigurations = (
				64B4102C27E2B75A009DB7EB /* Debug */,
				64B4102D27E2B75A009DB7EB /* Release */,
			);
			defaultConfigurationIsVisible = 0;
			defaultConfigurationName = Release;
		};
		64B4102E27E2B75A009DB7EB /* Build configuration list for PBXNativeTarget "InstagramClone" */ = {
			isa = XCConfigurationList;
			buildConfigurations = (
				64B4102F27E2B75A009DB7EB /* Debug */,
				64B4103027E2B75A009DB7EB /* Release */,
			);
			defaultConfigurationIsVisible = 0;
			defaultConfigurationName = Release;
		};
		64B4103127E2B75A009DB7EB /* Build configuration list for PBXNativeTarget "InstagramCloneTests" */ = {
			isa = XCConfigurationList;
			buildConfigurations = (
				64B4103227E2B75A009DB7EB /* Debug */,
				64B4103327E2B75A009DB7EB /* Release */,
			);
			defaultConfigurationIsVisible = 0;
			defaultConfigurationName = Release;
		};
		64B4103427E2B75A009DB7EB /* Build configuration list for PBXNativeTarget "InstagramCloneUITests" */ = {
			isa = XCConfigurationList;
			buildConfigurations = (
				64B4103527E2B75A009DB7EB /* Debug */,
				64B4103627E2B75A009DB7EB /* Release */,
			);
			defaultConfigurationIsVisible = 0;
			defaultConfigurationName = Release;
		};
/* End XCConfigurationList section */
	};
	rootObject = 64B40FFC27E2B756009DB7EB /* Project object */;
}
